
Microsoft Visual Studio Solution File, Format Version 11.00
# Visual Studio 2010
Project("{FAE04EC0-301F-11D3-BF4B-00C04F79EFBC}") = "libmpc.net.nd", "libmpc.net.nd.csproj", "{FDDF2E05-560C-4BAA-BEAC-59E26827DA24}"
EndProject
Global
	GlobalSection(SolutionConfigurationPlatforms) = preSolution
		Debug|Any CPU = Debug|Any CPU
		Release|Any CPU = Release|Any CPU
	EndGlobalSection
	GlobalSection(ProjectConfigurationPlatforms) = postSolution
		{FDDF2E05-560C-4BAA-BEAC-59E26827DA24}.Debug|Any CPU.ActiveCfg = Debug|Any CPU
		{FDDF2E05-560C-4BAA-BEAC-59E26827DA24}.Debug|Any CPU.Build.0 = Debug|Any CPU
		{FDDF2E05-560C-4BAA-BEAC-59E26827DA24}.Release|Any CPU.ActiveCfg = Release|Any CPU
		{FDDF2E05-560C-4BAA-BEAC-59E26827DA24}.Release|Any CPU.Build.0 = Release|Any CPU
	EndGlobalSection
	GlobalSection(MonoDevelopProperties) = preSolution
		StartupItem = libmpc.net.nd.csproj
	EndGlobalSection
EndGlobal
